
Microsoft Visual Studio Solution File, Format Version 12.00
# Visual Studio 2015
Project("{FAE04EC0-301F-11D3-BF4B-00C04F79EFBC}") = "OccupyEurope.CSharp.Plugins", "OccupyEurope.CSharp.Plugins.csproj", "{CF775459-68DA-59EA-CC78-B8D497AFE20C}"
EndProject
Project("{FAE04EC0-301F-11D3-BF4B-00C04F79EFBC}") = "OccupyEurope.CSharp", "OccupyEurope.CSharp.csproj", "{A6D058BC-5C1E-1C85-5047-DA6240F420B3}"
EndProject
Project("{FAE04EC0-301F-11D3-BF4B-00C04F79EFBC}") = "OccupyEurope.CSharp.Editor", "OccupyEurope.CSharp.Editor.csproj", "{D4F2FDC3-5825-82DA-7EA3-0108DCDAA6A9}"
EndProject
Global
	GlobalSection(SolutionConfigurationPlatforms) = preSolution
		Debug|Any CPU = Debug|Any CPU
		Release|Any CPU = Release|Any CPU
	EndGlobalSection
	GlobalSection(ProjectConfigurationPlatforms) = postSolution
		{CF775459-68DA-59EA-CC78-B8D497AFE20C}.Debug|Any CPU.ActiveCfg = Debug|Any CPU
		{CF775459-68DA-59EA-CC78-B8D497AFE20C}.Debug|Any CPU.Build.0 = Debug|Any CPU
		{CF775459-68DA-59EA-CC78-B8D497AFE20C}.Release|Any CPU.ActiveCfg = Release|Any CPU
		{CF775459-68DA-59EA-CC78-B8D497AFE20C}.Release|Any CPU.Build.0 = Release|Any CPU
		{A6D058BC-5C1E-1C85-5047-DA6240F420B3}.Debug|Any CPU.ActiveCfg = Debug|Any CPU
		{A6D058BC-5C1E-1C85-5047-DA6240F420B3}.Debug|Any CPU.Build.0 = Debug|Any CPU
		{A6D058BC-5C1E-1C85-5047-DA6240F420B3}.Release|Any CPU.ActiveCfg = Release|Any CPU
		{A6D058BC-5C1E-1C85-5047-DA6240F420B3}.Release|Any CPU.Build.0 = Release|Any CPU
		{D4F2FDC3-5825-82DA-7EA3-0108DCDAA6A9}.Debug|Any CPU.ActiveCfg = Debug|Any CPU
		{D4F2FDC3-5825-82DA-7EA3-0108DCDAA6A9}.Debug|Any CPU.Build.0 = Debug|Any CPU
		{D4F2FDC3-5825-82DA-7EA3-0108DCDAA6A9}.Release|Any CPU.ActiveCfg = Release|Any CPU
		{D4F2FDC3-5825-82DA-7EA3-0108DCDAA6A9}.Release|Any CPU.Build.0 = Release|Any CPU
	EndGlobalSection
	GlobalSection(SolutionProperties) = preSolution
		HideSolutionNode = FALSE
	EndGlobalSection
EndGlobal
